
Microsoft Visual Studio Solution File, Format Version 11.00
# Visual C++ Express 2010
Project("{8BC9CEB8-8B4A-11D0-8D11-00A0C91BC942}") = "anima", "anima.vcxproj", "{ECF9D70B-A996-4A56-98A1-4CED5E7EF63D}"
EndProject
Global
	GlobalSection(SolutionConfigurationPlatforms) = preSolution
		Debug|Win32 = Debug|Win32
		Release|Win32 = Release|Win32
	EndGlobalSection
	GlobalSection(ProjectConfigurationPlatforms) = postSolution
		{ECF9D70B-A996-4A56-98A1-4CED5E7EF63D}.Debug|Win32.ActiveCfg = Debug|Win32
		{ECF9D70B-A996-4A56-98A1-4CED5E7EF63D}.Debug|Win32.Build.0 = Debug|Win32
		{ECF9D70B-A996-4A56-98A1-4CED5E7EF63D}.Release|Win32.ActiveCfg = Release|Win32
		{ECF9D70B-A996-4A56-98A1-4CED5E7EF63D}.Release|Win32.Build.0 = Release|Win32
	EndGlobalSection
	GlobalSection(SolutionProperties) = preSolution
		HideSolutionNode = FALSE
	EndGlobalSection
EndGlobal
